
Microsoft Visual Studio Solution File, Format Version 12.00
# Visual Studio 15
VisualStudioVersion = 15.0.26124.0
MinimumVisualStudioVersion = 15.0.26124.0
Project("{FAE04EC0-301F-11D3-BF4B-00C04F79EFBC}") = "Tandem.MessageBoard.Api.Tests", "Tandem.MessageBoard.Api.Tests\Tandem.MessageBoard.Api.Tests.csproj", "{EBED17BF-939A-4199-AD80-523F40B89C65}"
EndProject
Project("{FAE04EC0-301F-11D3-BF4B-00C04F79EFBC}") = "Tandem.MessageBoard.Api", "Tandem.MessageBoard.Api\Tandem.MessageBoard.Api.csproj", "{5D00E3C8-0155-4D37-8AC0-AF6E948C6300}"
EndProject
Global
	GlobalSection(SolutionConfigurationPlatforms) = preSolution
		Debug|Any CPU = Debug|Any CPU
		Debug|x64 = Debug|x64
		Debug|x86 = Debug|x86
		Release|Any CPU = Release|Any CPU
		Release|x64 = Release|x64
		Release|x86 = Release|x86
	EndGlobalSection
	GlobalSection(SolutionProperties) = preSolution
		HideSolutionNode = FALSE
	EndGlobalSection
	GlobalSection(ProjectConfigurationPlatforms) = postSolution
		{EBED17BF-939A-4199-AD80-523F40B89C65}.Debug|Any CPU.ActiveCfg = Debug|Any CPU
		{EBED17BF-939A-4199-AD80-523F40B89C65}.Debug|Any CPU.Build.0 = Debug|Any CPU
		{EBED17BF-939A-4199-AD80-523F40B89C65}.Debug|x64.ActiveCfg = Debug|Any CPU
		{EBED17BF-939A-4199-AD80-523F40B89C65}.Debug|x64.Build.0 = Debug|Any CPU
		{EBED17BF-939A-4199-AD80-523F40B89C65}.Debug|x86.ActiveCfg = Debug|Any CPU
		{EBED17BF-939A-4199-AD80-523F40B89C65}.Debug|x86.Build.0 = Debug|Any CPU
		{EBED17BF-939A-4199-AD80-523F40B89C65}.Release|Any CPU.ActiveCfg = Release|Any CPU
		{EBED17BF-939A-4199-AD80-523F40B89C65}.Release|Any CPU.Build.0 = Release|Any CPU
		{EBED17BF-939A-4199-AD80-523F40B89C65}.Release|x64.ActiveCfg = Release|Any CPU
		{EBED17BF-939A-4199-AD80-523F40B89C65}.Release|x64.Build.0 = Release|Any CPU
		{EBED17BF-939A-4199-AD80-523F40B89C65}.Release|x86.ActiveCfg = Release|Any CPU
		{EBED17BF-939A-4199-AD80-523F40B89C65}.Release|x86.Build.0 = Release|Any CPU
		{6197D50F-3896-4C76-B1E5-C2B30ACC1558}.Debug|Any CPU.ActiveCfg = Debug|Any CPU
		{6197D50F-3896-4C76-B1E5-C2B30ACC1558}.Debug|Any CPU.Build.0 = Debug|Any CPU
		{6197D50F-3896-4C76-B1E5-C2B30ACC1558}.Debug|x64.ActiveCfg = Debug|Any CPU
		{6197D50F-3896-4C76-B1E5-C2B30ACC1558}.Debug|x64.Build.0 = Debug|Any CPU
		{6197D50F-3896-4C76-B1E5-C2B30ACC1558}.Debug|x86.ActiveCfg = Debug|Any CPU
		{6197D50F-3896-4C76-B1E5-C2B30ACC1558}.Debug|x86.Build.0 = Debug|Any CPU
		{6197D50F-3896-4C76-B1E5-C2B30ACC1558}.Release|Any CPU.ActiveCfg = Release|Any CPU
		{6197D50F-3896-4C76-B1E5-C2B30ACC1558}.Release|Any CPU.Build.0 = Release|Any CPU
		{6197D50F-3896-4C76-B1E5-C2B30ACC1558}.Release|x64.ActiveCfg = Release|Any CPU
		{6197D50F-3896-4C76-B1E5-C2B30ACC1558}.Release|x64.Build.0 = Release|Any CPU
		{6197D50F-3896-4C76-B1E5-C2B30ACC1558}.Release|x86.ActiveCfg = Release|Any CPU
		{6197D50F-3896-4C76-B1E5-C2B30ACC1558}.Release|x86.Build.0 = Release|Any CPU
		{5D00E3C8-0155-4D37-8AC0-AF6E948C6300}.Debug|Any CPU.ActiveCfg = Debug|Any CPU
		{5D00E3C8-0155-4D37-8AC0-AF6E948C6300}.Debug|Any CPU.Build.0 = Debug|Any CPU
		{5D00E3C8-0155-4D37-8AC0-AF6E948C6300}.Debug|x64.ActiveCfg = Debug|Any CPU
		{5D00E3C8-0155-4D37-8AC0-AF6E948C6300}.Debug|x64.Build.0 = Debug|Any CPU
		{5D00E3C8-0155-4D37-8AC0-AF6E948C6300}.Debug|x86.ActiveCfg = Debug|Any CPU
		{5D00E3C8-0155-4D37-8AC0-AF6E948C6300}.Debug|x86.Build.0 = Debug|Any CPU
		{5D00E3C8-0155-4D37-8AC0-AF6E948C6300}.Release|Any CPU.ActiveCfg = Release|Any CPU
		{5D00E3C8-0155-4D37-8AC0-AF6E948C6300}.Release|Any CPU.Build.0 = Release|Any CPU
		{5D00E3C8-0155-4D37-8AC0-AF6E948C6300}.Release|x64.ActiveCfg = Release|Any CPU
		{5D00E3C8-0155-4D37-8AC0-AF6E948C6300}.Release|x64.Build.0 = Release|Any CPU
		{5D00E3C8-0155-4D37-8AC0-AF6E948C6300}.Release|x86.ActiveCfg = Release|Any CPU
		{5D00E3C8-0155-4D37-8AC0-AF6E948C6300}.Release|x86.Build.0 = Release|Any CPU
	EndGlobalSection
EndGlobal
